// !$*UTF8*$!
{
	archiveVersion = 1;
	classes = {
	};
	objectVersion = 46;
	objects = {

/* Begin PBXBuildFile section */
		353F29F21B736172005D202C /* main.m in Sources */ = {isa = PBXBuildFile; fileRef = 353F29F11B736172005D202C /* main.m */; };
		353F29FD1B73A769005D202C /* libicucore.dylib in Frameworks */ = {isa = PBXBuildFile; fileRef = 353F29FC1B73A769005D202C /* libicucore.dylib */; };
		35B872A81BA549A400AD851F /* RegexKitLite.m in Sources */ = {isa = PBXBuildFile; fileRef = 35B872A71BA549A400AD851F /* RegexKitLite.m */; };
/* End PBXBuildFile section */

/* Begin PBXCopyFilesBuildPhase section */
		353F29EC1B736172005D202C /* CopyFiles */ = {
			isa = PBXCopyFilesBuildPhase;
			buildActionMask = 2147483647;
			dstPath = /usr/share/man/man1/;
			dstSubfolderSpec = 0;
			files = (
			);
			runOnlyForDeploymentPostprocessing = 1;
		};
/* End PBXCopyFilesBuildPhase section */

/* Begin PBXFileReference section */
		353F29EE1B736172005D202C /* 正则表达式 */ = {isa = PBXFileReference; explicitFileType = "compiled.mach-o.executable"; includeInIndex = 0; path = "正则表达式"; sourceTree = BUILT_PRODUCTS_DIR; };
		353F29F11B736172005D202C /* main.m */ = {isa = PBXFileReference; lastKnownFileType = sourcecode.c.objc; path = main.m; sourceTree = "<group>"; };
		353F29FC1B73A769005D202C /* libicucore.dylib */ = {isa = PBXFileReference; lastKnownFileType = "compiled.mach-o.dylib"; name = libicucore.dylib; path = usr/lib/libicucore.dylib; sourceTree = SDKROOT; };
		35B872A61BA549A400AD851F /* RegexKitLite.h */ = {isa = PBXFileReference; fileEncoding = 4; lastKnownFileType = sourcecode.c.h; name = RegexKitLite.h; path = "正则表达式/RegexKitLite.h"; sourceTree = SOURCE_ROOT; };
		35B872A71BA549A400AD851F /* RegexKitLite.m */ = {isa = PBXFileReference; fileEncoding = 4; lastKnownFileType = sourcecode.c.objc; name = RegexKitLite.m; path = "正则表达式/RegexKitLite.m"; sourceTree = SOURCE_ROOT; };
/* End PBXFileReference section */

/* Begin PBXFrameworksBuildPhase section */
		353F29EB1B736172005D202C /* Frameworks */ = {
			isa = PBXFrameworksBuildPhase;
			buildActionMask = 2147483647;
			files = (
				353F29FD1B73A769005D202C /* libicucore.dylib in Frameworks */,
			);
			runOnlyForDeploymentPostprocessing = 0;
		};
/* End PBXFrameworksBuildPhase section */

/* Begin PBXGroup section */
		353F29E51B736172005D202C = {
			isa = PBXGroup;
			children = (
				353F2A1C1B73A8B1005D202C /* RegexKitLite */,
				353F29FC1B73A769005D202C /* libicucore.dylib */,
				353F29F01B736172005D202C /* 正则表达式 */,
				353F29EF1B736172005D202C /* Products */,
			);
			sourceTree = "<group>";
		};
		353F29EF1B736172005D202C /* Products */ = {
			isa = PBXGroup;
			children = (
				353F29EE1B736172005D202C /* 正则表达式 */,
			);
			name = Products;
			sourceTree = "<group>";
		};
		353F29F01B736172005D202C /* 正则表达式 */ = {
			isa = PBXGroup;
			children = (
				353F29F11B736172005D202C /* main.m */,
			);
			path = "正则表达式";
			sourceTree = "<group>";
		};
		353F2A1C1B73A8B1005D202C /* RegexKitLite */ = {
			isa = PBXGroup;
			children = (
				35B872A61BA549A400AD851F /* RegexKitLite.h */,
				35B872A71BA549A400AD851F /* RegexKitLite.m */,
			);
			path = RegexKitLite;
			sourceTree = "<group>";
		};
/* End PBXGroup section */

/* Begin PBXNativeTarget section */
		353F29ED1B736172005D202C /* 正则表达式 */ = {
			isa = PBXNativeTarget;
			buildConfigurationList = 353F29F51B736172005D202C /* Build configuration list for PBXNativeTarget "正则表达式" */;
			buildPhases = (
				353F29EA1B736172005D202C /* Sources */,
				353F29EB1B736172005D202C /* Frameworks */,
				353F29EC1B736172005D202C /* CopyFiles */,
			);
			buildRules = (
			);
			dependencies = (
			);
			name = "正则表达式";
			productName = "正则表达式";
			productReference = 353F29EE1B736172005D202C /* 正则表达式 */;
			productType = "com.apple.product-type.tool";
		};
/* End PBXNativeTarget section */

/* Begin PBXProject section */
		353F29E61B736172005D202C /* Project object */ = {
			isa = PBXProject;
			attributes = {
				LastUpgradeCheck = 0640;
				ORGANIZATIONNAME = "张永俊";
				TargetAttributes = {
					353F29ED1B736172005D202C = {
						CreatedOnToolsVersion = 6.4;
					};
				};
			};
			buildConfigurationList = 353F29E91B736172005D202C /* Build configuration list for PBXProject "正则表达式" */;
			compatibilityVersion = "Xcode 3.2";
			developmentRegion = English;
			hasScannedForEncodings = 0;
			knownRegions = (
				en,
			);
			mainGroup = 353F29E51B736172005D202C;
			productRefGroup = 353F29EF1B736172005D202C /* Products */;
			projectDirPath = "";
			projectRoot = "";
			targets = (
				353F29ED1B736172005D202C /* 正则表达式 */,
			);
		};
/* End PBXProject section */

/* Begin PBXSourcesBuildPhase section */
		353F29EA1B736172005D202C /* Sources */ = {
			isa = PBXSourcesBuildPhase;
			buildActionMask = 2147483647;
			files = (
				35B872A81BA549A400AD851F /* RegexKitLite.m in Sources */,
				353F29F21B736172005D202C /* main.m in Sources */,
			);
			runOnlyForDeploymentPostprocessing = 0;
		};
/* End PBXSourcesBuildPhase section */

/* Begin XCBuildConfiguration section */
		353F29F31B736172005D202C /* Debug */ = {
			isa = XCBuildConfiguration;
			buildSettings = {
				ALWAYS_SEARCH_USER_PATHS = NO;
				CLANG_CXX_LANGUAGE_STANDARD = "gnu++0x";
				CLANG_CXX_LIBRARY = "libc++";
				CLANG_ENABLE_MODULES = YES;
				CLANG_ENABLE_OBJC_ARC = YES;
				CLANG_WARN_BOOL_CONVERSION = YES;
				CLANG_WARN_CONSTANT_CONVERSION = YES;
				CLANG_WARN_DIRECT_OBJC_ISA_USAGE = YES_ERROR;
				CLANG_WARN_EMPTY_BODY = YES;
				CLANG_WARN_ENUM_CONVERSION = YES;
				CLANG_WARN_INT_CONVERSION = YES;
				CLANG_WARN_OBJC_ROOT_CLASS = YES_ERROR;
				CLANG_WARN_UNREACHABLE_CODE = YES;
				CLANG_WARN__DUPLICATE_METHOD_MATCH = YES;
				COPY_PHASE_STRIP = NO;
				DEBUG_INFORMATION_FORMAT = dwarf;
				ENABLE_STRICT_OBJC_MSGSEND = YES;
				GCC_C_LANGUAGE_STANDARD = gnu99;
				GCC_DYNAMIC_NO_PIC = NO;
				GCC_NO_COMMON_BLOCKS = YES;
				GCC_OPTIMIZATION_LEVEL = 0;
				GCC_PREPROCESSOR_DEFINITIONS = (
					"DEBUG=1",
					"$(inherited)",
				);
				GCC_SYMBOLS_PRIVATE_EXTERN = NO;
				GCC_WARN_64_TO_32_BIT_CONVERSION = YES;
				GCC_WARN_ABOUT_RETURN_TYPE = YES_ERROR;
				GCC_WARN_UNDECLARED_SELECTOR = YES;
				GCC_WARN_UNINITIALIZED_AUTOS = YES_AGGRESSIVE;
				GCC_WARN_UNUSED_FUNCTION = YES;
				GCC_WARN_UNUSED_VARIABLE = YES;
				MACOSX_DEPLOYMENT_TARGET = 10.10;
				MTL_ENABLE_DEBUG_INFO = YES;
				ONLY_ACTIVE_ARCH = YES;
				SDKROOT = macosx;
			};
			name = Debug;
		};
		353F29F41B736172005D202C /* Release */ = {
			isa = XCBuildConfiguration;
			buildSettings = {
				ALWAYS_SEARCH_USER_PATHS = NO;
				CLANG_CXX_LANGUAGE_STANDARD = "gnu++0x";
				CLANG_CXX_LIBRARY = "libc++";
				CLANG_ENABLE_MODULES = YES;
				CLANG_ENABLE_OBJC_ARC = YES;
				CLANG_WARN_BOOL_CONVERSION = YES;
				CLANG_WARN_CONSTANT_CONVERSION = YES;
				CLANG_WARN_DIRECT_OBJC_ISA_USAGE = YES_ERROR;
				CLANG_WARN_EMPTY_BODY = YES;
				CLANG_WARN_ENUM_CONVERSION = YES;
				CLANG_WARN_INT_CONVERSION = YES;
				CLANG_WARN_OBJC_ROOT_CLASS = YES_ERROR;
				CLANG_WARN_UNREACHABLE_CODE = YES;
				CLANG_WARN__DUPLICATE_METHOD_MATCH = YES;
				COPY_PHASE_STRIP = NO;
				DEBUG_INFORMATION_FORMAT = "dwarf-with-dsym";
				ENABLE_NS_ASSERTIONS = NO;
				ENABLE_STRICT_OBJC_MSGSEND = YES;
				GCC_C_LANGUAGE_STANDARD = gnu99;
				GCC_NO_COMMON_BLOCKS = YES;
				GCC_WARN_64_TO_32_BIT_CONVERSION = YES;
				GCC_WARN_ABOUT_RETURN_TYPE = YES_ERROR;
				GCC_WARN_UNDECLARED_SELECTOR = YES;
				GCC_WARN_UNINITIALIZED_AUTOS = YES_AGGRESSIVE;
				GCC_WARN_UNUSED_FUNCTION = YES;
				GCC_WARN_UNUSED_VARIABLE = YES;
				MACOSX_DEPLOYMENT_TARGET = 10.10;
				MTL_ENABLE_DEBUG_INFO = NO;
				SDKROOT = macosx;
			};
			name = Release;
		};
		353F29F61B736172005D202C /* Debug */ = {
			isa = XCBuildConfiguration;
			buildSettings = {
				PRODUCT_NAME = "$(TARGET_NAME)";
			};
			name = Debug;
		};
		353F29F71B736172005D202C /* Release */ = {
			isa = XCBuildConfiguration;
			buildSettings = {
				PRODUCT_NAME = "$(TARGET_NAME)";
			};
			name = Release;
		};
/* End XCBuildConfiguration section */

/* Begin XCConfigurationList section */
		353F29E91B736172005D202C /* Build configuration list for PBXProject "正则表达式" */ = {
			isa = XCConfigurationList;
			buildConfigurations = (
				353F29F31B736172005D202C /* Debug */,
				353F29F41B736172005D202C /* Release */,
			);
			defaultConfigurationIsVisible = 0;
			defaultConfigurationName = Release;
		};
		353F29F51B736172005D202C /* Build configuration list for PBXNativeTarget "正则表达式" */ = {
			isa = XCConfigurationList;
			buildConfigurations = (
				353F29F61B736172005D202C /* Debug */,
				353F29F71B736172005D202C /* Release */,
			);
			defaultConfigurationIsVisible = 0;
			defaultConfigurationName = Release;
		};
/* End XCConfigurationList section */
	};
	rootObject = 353F29E61B736172005D202C /* Project object */;
}
